
Microsoft Visual Studio Solution File, Format Version 12.00
# Visual Studio Version 17
VisualStudioVersion = 17.14.36705.20 d17.14
MinimumVisualStudioVersion = 10.0.40219.1
Project("{FAE04EC0-301F-11D3-BF4B-00C04F79EFBC}") = "DigitalSkillsInstitute", "DigitalSkillsInstitute.csproj", "{20AF5D69-2781-4CDD-87C0-9980640E9958}"
EndProject
Global
	GlobalSection(SolutionConfigurationPlatforms) = preSolution
		Debug|Any CPU = Debug|Any CPU
		Release|Any CPU = Release|Any CPU
	EndGlobalSection
	GlobalSection(ProjectConfigurationPlatforms) = postSolution
		{20AF5D69-2781-4CDD-87C0-9980640E9958}.Debug|Any CPU.ActiveCfg = Debug|Any CPU
		{20AF5D69-2781-4CDD-87C0-9980640E9958}.Debug|Any CPU.Build.0 = Debug|Any CPU
		{20AF5D69-2781-4CDD-87C0-9980640E9958}.Release|Any CPU.ActiveCfg = Release|Any CPU
		{20AF5D69-2781-4CDD-87C0-9980640E9958}.Release|Any CPU.Build.0 = Release|Any CPU
	EndGlobalSection
	GlobalSection(SolutionProperties) = preSolution
		HideSolutionNode = FALSE
	EndGlobalSection
	GlobalSection(ExtensibilityGlobals) = postSolution
		SolutionGuid = {E2DEA765-A319-4683-ABE1-2D0A93662F99}
	EndGlobalSection
EndGlobal
